
Microsoft Visual Studio Solution File, Format Version 12.00
# Visual Studio Version 17
VisualStudioVersion = 17.6.33723.286
MinimumVisualStudioVersion = 10.0.40219.1
Project("{9A19103F-16F7-4668-BE54-9A1E7A4F7556}") = "Assembly-CSharp", "AssemblyCSharp\Assembly-CSharp.csproj", "{CD7B9ED4-3B72-413B-9D5D-1875C7DA3FFA}"
EndProject
Global
	GlobalSection(SolutionConfigurationPlatforms) = preSolution
		Debug|Any CPU = Debug|Any CPU
		Release|Any CPU = Release|Any CPU
	EndGlobalSection
	GlobalSection(ProjectConfigurationPlatforms) = postSolution
		{CD7B9ED4-3B72-413B-9D5D-1875C7DA3FFA}.Debug|Any CPU.ActiveCfg = Debug|Any CPU
		{CD7B9ED4-3B72-413B-9D5D-1875C7DA3FFA}.Debug|Any CPU.Build.0 = Debug|Any CPU
		{CD7B9ED4-3B72-413B-9D5D-1875C7DA3FFA}.Release|Any CPU.ActiveCfg = Release|Any CPU
		{CD7B9ED4-3B72-413B-9D5D-1875C7DA3FFA}.Release|Any CPU.Build.0 = Release|Any CPU
	EndGlobalSection
	GlobalSection(SolutionProperties) = preSolution
		HideSolutionNode = FALSE
	EndGlobalSection
	GlobalSection(ExtensibilityGlobals) = postSolution
		SolutionGuid = {893E5A80-FF0D-4EF5-84C2-2EEFCC1358AF}
	EndGlobalSection
EndGlobal
